
Microsoft Visual Studio Solution File, Format Version 12.00
# Visual Studio Version 17
VisualStudioVersion = 17.12.35527.113 d17.12
MinimumVisualStudioVersion = 10.0.40219.1
Project("{FAE04EC0-301F-11D3-BF4B-00C04F79EFBC}") = "InheritanceExample", "InheritanceExample\InheritanceExample.csproj", "{0638F0C0-4DB8-4EE3-B7BC-AE5655933DB6}"
EndProject
Project("{FAE04EC0-301F-11D3-BF4B-00C04F79EFBC}") = "C43-G05-EF03", "C43-G05-EF03\C43-G05-EF03.csproj", "{D1F3FF34-9DF8-48F5-AAC8-2FE2AD8EFC92}"
EndProject
Global
	GlobalSection(SolutionConfigurationPlatforms) = preSolution
		Debug|Any CPU = Debug|Any CPU
		Release|Any CPU = Release|Any CPU
	EndGlobalSection
	GlobalSection(ProjectConfigurationPlatforms) = postSolution
		{0638F0C0-4DB8-4EE3-B7BC-AE5655933DB6}.Debug|Any CPU.ActiveCfg = Debug|Any CPU
		{0638F0C0-4DB8-4EE3-B7BC-AE5655933DB6}.Debug|Any CPU.Build.0 = Debug|Any CPU
		{0638F0C0-4DB8-4EE3-B7BC-AE5655933DB6}.Release|Any CPU.ActiveCfg = Release|Any CPU
		{0638F0C0-4DB8-4EE3-B7BC-AE5655933DB6}.Release|Any CPU.Build.0 = Release|Any CPU
		{D1F3FF34-9DF8-48F5-AAC8-2FE2AD8EFC92}.Debug|Any CPU.ActiveCfg = Debug|Any CPU
		{D1F3FF34-9DF8-48F5-AAC8-2FE2AD8EFC92}.Debug|Any CPU.Build.0 = Debug|Any CPU
		{D1F3FF34-9DF8-48F5-AAC8-2FE2AD8EFC92}.Release|Any CPU.ActiveCfg = Release|Any CPU
		{D1F3FF34-9DF8-48F5-AAC8-2FE2AD8EFC92}.Release|Any CPU.Build.0 = Release|Any CPU
	EndGlobalSection
	GlobalSection(SolutionProperties) = preSolution
		HideSolutionNode = FALSE
	EndGlobalSection
EndGlobal
